Microsoft Visual Studio Solution File, Format Version 12.00
# Visual Studio 2013
VisualStudioVersion = 12.0.31101.0
MinimumVisualStudioVersion = 10.0.40219.1
Project("{2150E333-8FDC-42A3-9474-1A3956D46DE8}") = "Tests", "Tests", "{4AE65780-5595-49EA-A4BA-152CE6664588}"
EndProject
Project("{FAE04EC0-301F-11D3-BF4B-00C04F79EFBC}") = "Dqe.ApplicationServices", "Dqe.ApplicationServices\Dqe.ApplicationServices.csproj", "{63A17372-0063-4370-AEB9-B2B8B69F2EA0}"
EndProject
Project("{FAE04EC0-301F-11D3-BF4B-00C04F79EFBC}") = "Dqe.Domain", "Dqe.Domain\Dqe.Domain.csproj", "{52D23793-A0ED-483A-B329-250F8C28538D}"
EndProject
Project("{FAE04EC0-301F-11D3-BF4B-00C04F79EFBC}") = "Dqe.Infrastructure", "Dqe.Infrastructure\Dqe.Infrastructure.csproj", "{92C5035A-2377-4570-9979-D672BA8D634B}"
EndProject
Project("{FAE04EC0-301F-11D3-BF4B-00C04F79EFBC}") = "Dqe.Domain.Tests", "Dqe.Domain.Tests\Dqe.Domain.Tests.csproj", "{F0AA4A0B-CA1D-4BE0-A8AA-A98F55ED9809}"
EndProject
Project("{FAE04EC0-301F-11D3-BF4B-00C04F79EFBC}") = "Dqe.Infrastructure.Tests", "Dqe.Infrastructure.Tests\Dqe.Infrastructure.Tests.csproj", "{28B10B8B-2449-46DA-AA80-52B9FDD79FA9}"
EndProject
Project("{FAE04EC0-301F-11D3-BF4B-00C04F79EFBC}") = "Dqe.ApplicationServices.Tests", "Dqe.ApplicationServices.Tests\Dqe.ApplicationServices.Tests.csproj", "{216445D1-9E50-453C-A837-76216A59B4DB}"
EndProject
Project("{FAE04EC0-301F-11D3-BF4B-00C04F79EFBC}") = "Dqe.Inverter.Tests", "Dqe.Inverter.Tests\Dqe.Inverter.Tests.csproj", "{7BE32EB1-7D3A-4E8A-A545-48AEBD693374}"
EndProject
Project("{FAE04EC0-301F-11D3-BF4B-00C04F79EFBC}") = "Dqe.Inverter", "Dqe.Inverter\Dqe.Inverter.csproj", "{63ADB8B0-8854-4109-AE26-5B93E062B64A}"
EndProject
Project("{FAE04EC0-301F-11D3-BF4B-00C04F79EFBC}") = "Dqe.Web", "Dqe.Web\Dqe.Web.csproj", "{CC19A19D-08DF-4EF0-8796-FD255C41768B}"
EndProject
Project("{FAE04EC0-301F-11D3-BF4B-00C04F79EFBC}") = "Dqe.Web.Tests", "Dqe.Web.Tests\Dqe.Web.Tests.csproj", "{B11FD77B-C656-4F33-BCCF-AFA5F83D68B1}"
EndProject
Project("{FAE04EC0-301F-11D3-BF4B-00C04F79EFBC}") = "Dqe.Automation.PayItemConversion", "Dqe.Automation.PayItemConversion\Dqe.Automation.PayItemConversion.csproj", "{DF3EBD20-D00C-4FF4-979E-51D65B405F58}"
EndProject
Project("{FAE04EC0-301F-11D3-BF4B-00C04F79EFBC}") = "Dqe.Automation.CostGroupConversion", "Dqe.Automation.CostGroupConversion\Dqe.Automation.CostGroupConversion.csproj", "{1792CCA3-5D5F-4821-BBAD-C9924E27893E}"
EndProject
Project("{F14B399A-7131-4C87-9E4B-1186C45EF12D}") = "Dqe.Reporting", "Dqe.Reporting\Dqe.Reporting.rptproj", "{0D4774BB-0823-4201-9770-19B15FEBCD0B}"
EndProject
Project("{FAE04EC0-301F-11D3-BF4B-00C04F79EFBC}") = "Dqe.Automation.Boe.Conversion", "Dqe.Automation.Boe.Conversion\Dqe.Automation.Boe.Conversion.csproj", "{C3AF9058-0B06-4681-AACA-AC10D5E5F188}"
EndProject
Project("{FAE04EC0-301F-11D3-BF4B-00C04F79EFBC}") = "Dqe.Automation.PayItemProcessing", "Dqe.Automation.PayItemProcessing\Dqe.Automation.PayItemProcessing.csproj", "{5EB4D811-B884-4E64-AC10-F8E45A7F38E7}"
EndProject
Project("{FAE04EC0-301F-11D3-BF4B-00C04F79EFBC}") = "Dqe.Automation.EstimateProcessing", "Dqe.Automation.EstimateProcessing\Dqe.Automation.EstimateProcessing.csproj", "{D22526FF-B66F-404C-A024-BE432B3E978F}"
EndProject
Project("{FAE04EC0-301F-11D3-BF4B-00C04F79EFBC}") = "Dqe.Automation.InitializationConversion", "Dqe.Automation.InitializationConversion\Dqe.Automation.InitializationConversion.csproj", "{5E2E4C7A-B26F-4237-88FA-AAA40B5582AF}"
EndProject
Global
	GlobalSection(SolutionConfigurationPlatforms) = preSolution
		Debug|Any CPU = Debug|Any CPU
		Debug|Mixed Platforms = Debug|Mixed Platforms
		Debug|x86 = Debug|x86
		DebugLocal|Any CPU = DebugLocal|Any CPU
		DebugLocal|Mixed Platforms = DebugLocal|Mixed Platforms
		DebugLocal|x86 = DebugLocal|x86
		Release|Any CPU = Release|Any CPU
		Release|Mixed Platforms = Release|Mixed Platforms
		Release|x86 = Release|x86
	EndGlobalSection
	GlobalSection(ProjectConfigurationPlatforms) = postSolution
		{63A17372-0063-4370-AEB9-B2B8B69F2EA0}.Debug|Any CPU.ActiveCfg = Debug|Any CPU
		{63A17372-0063-4370-AEB9-B2B8B69F2EA0}.Debug|Any CPU.Build.0 = Debug|Any CPU
		{63A17372-0063-4370-AEB9-B2B8B69F2EA0}.Debug|Mixed Platforms.ActiveCfg = Debug|x86
		{63A17372-0063-4370-AEB9-B2B8B69F2EA0}.Debug|Mixed Platforms.Build.0 = Debug|x86
		{63A17372-0063-4370-AEB9-B2B8B69F2EA0}.Debug|x86.ActiveCfg = Debug|x86
		{63A17372-0063-4370-AEB9-B2B8B69F2EA0}.Debug|x86.Build.0 = Debug|x86
		{63A17372-0063-4370-AEB9-B2B8B69F2EA0}.DebugLocal|Any CPU.ActiveCfg = Debug|Any CPU
		{63A17372-0063-4370-AEB9-B2B8B69F2EA0}.DebugLocal|Any CPU.Build.0 = Debug|Any CPU
		{63A17372-0063-4370-AEB9-B2B8B69F2EA0}.DebugLocal|Mixed Platforms.ActiveCfg = Debug|x86
		{63A17372-0063-4370-AEB9-B2B8B69F2EA0}.DebugLocal|Mixed Platforms.Build.0 = Debug|x86
		{63A17372-0063-4370-AEB9-B2B8B69F2EA0}.DebugLocal|x86.ActiveCfg = Debug|x86
		{63A17372-0063-4370-AEB9-B2B8B69F2EA0}.DebugLocal|x86.Build.0 = Debug|x86
		{63A17372-0063-4370-AEB9-B2B8B69F2EA0}.Release|Any CPU.ActiveCfg = Release|Any CPU
		{63A17372-0063-4370-AEB9-B2B8B69F2EA0}.Release|Any CPU.Build.0 = Release|Any CPU
		{63A17372-0063-4370-AEB9-B2B8B69F2EA0}.Release|Mixed Platforms.ActiveCfg = Release|x86
		{63A17372-0063-4370-AEB9-B2B8B69F2EA0}.Release|Mixed Platforms.Build.0 = Release|x86
		{63A17372-0063-4370-AEB9-B2B8B69F2EA0}.Release|x86.ActiveCfg = Release|x86
		{63A17372-0063-4370-AEB9-B2B8B69F2EA0}.Release|x86.Build.0 = Release|x86
		{52D23793-A0ED-483A-B329-250F8C28538D}.Debug|Any CPU.ActiveCfg = Debug|Any CPU
		{52D23793-A0ED-483A-B329-250F8C28538D}.Debug|Any CPU.Build.0 = Debug|Any CPU
		{52D23793-A0ED-483A-B329-250F8C28538D}.Debug|Mixed Platforms.ActiveCfg = Debug|x86
		{52D23793-A0ED-483A-B329-250F8C28538D}.Debug|Mixed Platforms.Build.0 = Debug|x86
		{52D23793-A0ED-483A-B329-250F8C28538D}.Debug|x86.ActiveCfg = Debug|x86
		{52D23793-A0ED-483A-B329-250F8C28538D}.Debug|x86.Build.0 = Debug|x86
		{52D23793-A0ED-483A-B329-250F8C28538D}.DebugLocal|Any CPU.ActiveCfg = Debug|Any CPU
		{52D23793-A0ED-483A-B329-250F8C28538D}.DebugLocal|Any CPU.Build.0 = Debug|Any CPU
		{52D23793-A0ED-483A-B329-250F8C28538D}.DebugLocal|Mixed Platforms.ActiveCfg = Debug|x86
		{52D23793-A0ED-483A-B329-250F8C28538D}.DebugLocal|Mixed Platforms.Build.0 = Debug|x86
		{52D23793-A0ED-483A-B329-250F8C28538D}.DebugLocal|x86.ActiveCfg = Debug|x86
		{52D23793-A0ED-483A-B329-250F8C28538D}.DebugLocal|x86.Build.0 = Debug|x86
		{52D23793-A0ED-483A-B329-250F8C28538D}.Release|Any CPU.ActiveCfg = Release|Any CPU
		{52D23793-A0ED-483A-B329-250F8C28538D}.Release|Any CPU.Build.0 = Release|Any CPU
		{52D23793-A0ED-483A-B329-250F8C28538D}.Release|Mixed Platforms.ActiveCfg = Release|x86
		{52D23793-A0ED-483A-B329-250F8C28538D}.Release|Mixed Platforms.Build.0 = Release|x86
		{52D23793-A0ED-483A-B329-250F8C28538D}.Release|x86.ActiveCfg = Release|x86
		{52D23793-A0ED-483A-B329-250F8C28538D}.Release|x86.Build.0 = Release|x86
		{92C5035A-2377-4570-9979-D672BA8D634B}.Debug|Any CPU.ActiveCfg = Debug|Any CPU
		{92C5035A-2377-4570-9979-D672BA8D634B}.Debug|Any CPU.Build.0 = Debug|Any CPU
		{92C5035A-2377-4570-9979-D672BA8D634B}.Debug|Mixed Platforms.ActiveCfg = Debug|x86
		{92C5035A-2377-4570-9979-D672BA8D634B}.Debug|Mixed Platforms.Build.0 = Debug|x86
		{92C5035A-2377-4570-9979-D672BA8D634B}.Debug|x86.ActiveCfg = Debug|x86
		{92C5035A-2377-4570-9979-D672BA8D634B}.Debug|x86.Build.0 = Debug|x86
		{92C5035A-2377-4570-9979-D672BA8D634B}.DebugLocal|Any CPU.ActiveCfg = Debug|Any CPU
		{92C5035A-2377-4570-9979-D672BA8D634B}.DebugLocal|Any CPU.Build.0 = Debug|Any CPU
		{92C5035A-2377-4570-9979-D672BA8D634B}.DebugLocal|Mixed Platforms.ActiveCfg = Debug|x86
		{92C5035A-2377-4570-9979-D672BA8D634B}.DebugLocal|Mixed Platforms.Build.0 = Debug|x86
		{92C5035A-2377-4570-9979-D672BA8D634B}.DebugLocal|x86.ActiveCfg = Debug|x86
		{92C5035A-2377-4570-9979-D672BA8D634B}.DebugLocal|x86.Build.0 = Debug|x86
		{92C5035A-2377-4570-9979-D672BA8D634B}.Release|Any CPU.ActiveCfg = Release|Any CPU
		{92C5035A-2377-4570-9979-D672BA8D634B}.Release|Any CPU.Build.0 = Release|Any CPU
		{92C5035A-2377-4570-9979-D672BA8D634B}.Release|Mixed Platforms.ActiveCfg = Release|x86
		{92C5035A-2377-4570-9979-D672BA8D634B}.Release|Mixed Platforms.Build.0 = Release|x86
		{92C5035A-2377-4570-9979-D672BA8D634B}.Release|x86.ActiveCfg = Release|x86
		{92C5035A-2377-4570-9979-D672BA8D634B}.Release|x86.Build.0 = Release|x86
		{F0AA4A0B-CA1D-4BE0-A8AA-A98F55ED9809}.Debug|Any CPU.ActiveCfg = Debug|Any CPU
		{F0AA4A0B-CA1D-4BE0-A8AA-A98F55ED9809}.Debug|Any CPU.Build.0 = Debug|Any CPU
		{F0AA4A0B-CA1D-4BE0-A8AA-A98F55ED9809}.Debug|Mixed Platforms.ActiveCfg = Debug|x86
		{F0AA4A0B-CA1D-4BE0-A8AA-A98F55ED9809}.Debug|Mixed Platforms.Build.0 = Debug|x86
		{F0AA4A0B-CA1D-4BE0-A8AA-A98F55ED9809}.Debug|x86.ActiveCfg = Debug|x86
		{F0AA4A0B-CA1D-4BE0-A8AA-A98F55ED9809}.Debug|x86.Build.0 = Debug|x86
		{F0AA4A0B-CA1D-4BE0-A8AA-A98F55ED9809}.DebugLocal|Any CPU.ActiveCfg = Debug|Any CPU
		{F0AA4A0B-CA1D-4BE0-A8AA-A98F55ED9809}.DebugLocal|Any CPU.Build.0 = Debug|Any CPU
		{F0AA4A0B-CA1D-4BE0-A8AA-A98F55ED9809}.DebugLocal|Mixed Platforms.ActiveCfg = Debug|x86
		{F0AA4A0B-CA1D-4BE0-A8AA-A98F55ED9809}.DebugLocal|Mixed Platforms.Build.0 = Debug|x86
		{F0AA4A0B-CA1D-4BE0-A8AA-A98F55ED9809}.DebugLocal|x86.ActiveCfg = Debug|x86
		{F0AA4A0B-CA1D-4BE0-A8AA-A98F55ED9809}.DebugLocal|x86.Build.0 = Debug|x86
		{F0AA4A0B-CA1D-4BE0-A8AA-A98F55ED9809}.Release|Any CPU.ActiveCfg = Release|Any CPU
		{F0AA4A0B-CA1D-4BE0-A8AA-A98F55ED9809}.Release|Any CPU.Build.0 = Release|Any CPU
		{F0AA4A0B-CA1D-4BE0-A8AA-A98F55ED9809}.Release|Mixed Platforms.ActiveCfg = Release|x86
		{F0AA4A0B-CA1D-4BE0-A8AA-A98F55ED9809}.Release|Mixed Platforms.Build.0 = Release|x86
		{F0AA4A0B-CA1D-4BE0-A8AA-A98F55ED9809}.Release|x86.ActiveCfg = Release|x86
		{F0AA4A0B-CA1D-4BE0-A8AA-A98F55ED9809}.Release|x86.Build.0 = Release|x86
		{28B10B8B-2449-46DA-AA80-52B9FDD79FA9}.Debug|Any CPU.ActiveCfg = Debug|Any CPU
		{28B10B8B-2449-46DA-AA80-52B9FDD79FA9}.Debug|Any CPU.Build.0 = Debug|Any CPU
		{28B10B8B-2449-46DA-AA80-52B9FDD79FA9}.Debug|Mixed Platforms.ActiveCfg = Debug|x86
		{28B10B8B-2449-46DA-AA80-52B9FDD79FA9}.Debug|Mixed Platforms.Build.0 = Debug|x86
		{28B10B8B-2449-46DA-AA80-52B9FDD79FA9}.Debug|x86.ActiveCfg = Debug|x86
		{28B10B8B-2449-46DA-AA80-52B9FDD79FA9}.Debug|x86.Build.0 = Debug|x86
		{28B10B8B-2449-46DA-AA80-52B9FDD79FA9}.DebugLocal|Any CPU.ActiveCfg = Debug|Any CPU
		{28B10B8B-2449-46DA-AA80-52B9FDD79FA9}.DebugLocal|Any CPU.Build.0 = Debug|Any CPU
		{28B10B8B-2449-46DA-AA80-52B9FDD79FA9}.DebugLocal|Mixed Platforms.ActiveCfg = Debug|x86
		{28B10B8B-2449-46DA-AA80-52B9FDD79FA9}.DebugLocal|Mixed Platforms.Build.0 = Debug|x86
		{28B10B8B-2449-46DA-AA80-52B9FDD79FA9}.DebugLocal|x86.ActiveCfg = Debug|x86
		{28B10B8B-2449-46DA-AA80-52B9FDD79FA9}.DebugLocal|x86.Build.0 = Debug|x86
		{28B10B8B-2449-46DA-AA80-52B9FDD79FA9}.Release|Any CPU.ActiveCfg = Release|Any CPU
		{28B10B8B-2449-46DA-AA80-52B9FDD79FA9}.Release|Any CPU.Build.0 = Release|Any CPU
		{28B10B8B-2449-46DA-AA80-52B9FDD79FA9}.Release|Mixed Platforms.ActiveCfg = Release|x86
		{28B10B8B-2449-46DA-AA80-52B9FDD79FA9}.Release|Mixed Platforms.Build.0 = Release|x86
		{28B10B8B-2449-46DA-AA80-52B9FDD79FA9}.Release|x86.ActiveCfg = Release|x86
		{28B10B8B-2449-46DA-AA80-52B9FDD79FA9}.Release|x86.Build.0 = Release|x86
		{216445D1-9E50-453C-A837-76216A59B4DB}.Debug|Any CPU.ActiveCfg = Debug|Any CPU
		{216445D1-9E50-453C-A837-76216A59B4DB}.Debug|Any CPU.Build.0 = Debug|Any CPU
		{216445D1-9E50-453C-A837-76216A59B4DB}.Debug|Mixed Platforms.ActiveCfg = Debug|x86
		{216445D1-9E50-453C-A837-76216A59B4DB}.Debug|Mixed Platforms.Build.0 = Debug|x86
		{216445D1-9E50-453C-A837-76216A59B4DB}.Debug|x86.ActiveCfg = Debug|x86
		{216445D1-9E50-453C-A837-76216A59B4DB}.Debug|x86.Build.0 = Debug|x86
		{216445D1-9E50-453C-A837-76216A59B4DB}.DebugLocal|Any CPU.ActiveCfg = Debug|Any CPU
		{216445D1-9E50-453C-A837-76216A59B4DB}.DebugLocal|Any CPU.Build.0 = Debug|Any CPU
		{216445D1-9E50-453C-A837-76216A59B4DB}.DebugLocal|Mixed Platforms.ActiveCfg = Debug|x86
		{216445D1-9E50-453C-A837-76216A59B4DB}.DebugLocal|Mixed Platforms.Build.0 = Debug|x86
		{216445D1-9E50-453C-A837-76216A59B4DB}.DebugLocal|x86.ActiveCfg = Debug|x86
		{216445D1-9E50-453C-A837-76216A59B4DB}.DebugLocal|x86.Build.0 = Debug|x86
		{216445D1-9E50-453C-A837-76216A59B4DB}.Release|Any CPU.ActiveCfg = Release|Any CPU
		{216445D1-9E50-453C-A837-76216A59B4DB}.Release|Any CPU.Build.0 = Release|Any CPU
		{216445D1-9E50-453C-A837-76216A59B4DB}.Release|Mixed Platforms.ActiveCfg = Release|x86
		{216445D1-9E50-453C-A837-76216A59B4DB}.Release|Mixed Platforms.Build.0 = Release|x86
		{216445D1-9E50-453C-A837-76216A59B4DB}.Release|x86.ActiveCfg = Release|x86
		{216445D1-9E50-453C-A837-76216A59B4DB}.Release|x86.Build.0 = Release|x86
		{7BE32EB1-7D3A-4E8A-A545-48AEBD693374}.Debug|Any CPU.ActiveCfg = Debug|Any CPU
		{7BE32EB1-7D3A-4E8A-A545-48AEBD693374}.Debug|Any CPU.Build.0 = Debug|Any CPU
		{7BE32EB1-7D3A-4E8A-A545-48AEBD693374}.Debug|Mixed Platforms.ActiveCfg = Debug|x86
		{7BE32EB1-7D3A-4E8A-A545-48AEBD693374}.Debug|Mixed Platforms.Build.0 = Debug|x86
		{7BE32EB1-7D3A-4E8A-A545-48AEBD693374}.Debug|x86.ActiveCfg = Debug|x86
		{7BE32EB1-7D3A-4E8A-A545-48AEBD693374}.Debug|x86.Build.0 = Debug|x86
		{7BE32EB1-7D3A-4E8A-A545-48AEBD693374}.DebugLocal|Any CPU.ActiveCfg = Debug|Any CPU
		{7BE32EB1-7D3A-4E8A-A545-48AEBD693374}.DebugLocal|Any CPU.Build.0 = Debug|Any CPU
		{7BE32EB1-7D3A-4E8A-A545-48AEBD693374}.DebugLocal|Mixed Platforms.ActiveCfg = Debug|x86
		{7BE32EB1-7D3A-4E8A-A545-48AEBD693374}.DebugLocal|Mixed Platforms.Build.0 = Debug|x86
		{7BE32EB1-7D3A-4E8A-A545-48AEBD693374}.DebugLocal|x86.ActiveCfg = Debug|x86
		{7BE32EB1-7D3A-4E8A-A545-48AEBD693374}.DebugLocal|x86.Build.0 = Debug|x86
		{7BE32EB1-7D3A-4E8A-A545-48AEBD693374}.Release|Any CPU.ActiveCfg = Release|Any CPU
		{7BE32EB1-7D3A-4E8A-A545-48AEBD693374}.Release|Any CPU.Build.0 = Release|Any CPU
		{7BE32EB1-7D3A-4E8A-A545-48AEBD693374}.Release|Mixed Platforms.ActiveCfg = Release|x86
		{7BE32EB1-7D3A-4E8A-A545-48AEBD693374}.Release|Mixed Platforms.Build.0 = Release|x86
		{7BE32EB1-7D3A-4E8A-A545-48AEBD693374}.Release|x86.ActiveCfg = Release|x86
		{7BE32EB1-7D3A-4E8A-A545-48AEBD693374}.Release|x86.Build.0 = Release|x86
		{63ADB8B0-8854-4109-AE26-5B93E062B64A}.Debug|Any CPU.ActiveCfg = Debug|Any CPU
		{63ADB8B0-8854-4109-AE26-5B93E062B64A}.Debug|Any CPU.Build.0 = Debug|Any CPU
		{63ADB8B0-8854-4109-AE26-5B93E062B64A}.Debug|Mixed Platforms.ActiveCfg = Debug|x86
		{63ADB8B0-8854-4109-AE26-5B93E062B64A}.Debug|Mixed Platforms.Build.0 = Debug|x86
		{63ADB8B0-8854-4109-AE26-5B93E062B64A}.Debug|x86.ActiveCfg = Debug|x86
		{63ADB8B0-8854-4109-AE26-5B93E062B64A}.Debug|x86.Build.0 = Debug|x86
		{63ADB8B0-8854-4109-AE26-5B93E062B64A}.DebugLocal|Any CPU.ActiveCfg = Debug|Any CPU
		{63ADB8B0-8854-4109-AE26-5B93E062B64A}.DebugLocal|Any CPU.Build.0 = Debug|Any CPU
		{63ADB8B0-8854-4109-AE26-5B93E062B64A}.DebugLocal|Mixed Platforms.ActiveCfg = Debug|x86
		{63ADB8B0-8854-4109-AE26-5B93E062B64A}.DebugLocal|Mixed Platforms.Build.0 = Debug|x86
		{63ADB8B0-8854-4109-AE26-5B93E062B64A}.DebugLocal|x86.ActiveCfg = Debug|x86
		{63ADB8B0-8854-4109-AE26-5B93E062B64A}.DebugLocal|x86.Build.0 = Debug|x86
		{63ADB8B0-8854-4109-AE26-5B93E062B64A}.Release|Any CPU.ActiveCfg = Release|Any CPU
		{63ADB8B0-8854-4109-AE26-5B93E062B64A}.Release|Any CPU.Build.0 = Release|Any CPU
		{63ADB8B0-8854-4109-AE26-5B93E062B64A}.Release|Mixed Platforms.ActiveCfg = Release|x86
		{63ADB8B0-8854-4109-AE26-5B93E062B64A}.Release|Mixed Platforms.Build.0 = Release|x86
		{63ADB8B0-8854-4109-AE26-5B93E062B64A}.Release|x86.ActiveCfg = Release|x86
		{63ADB8B0-8854-4109-AE26-5B93E062B64A}.Release|x86.Build.0 = Release|x86
		{CC19A19D-08DF-4EF0-8796-FD255C41768B}.Debug|Any CPU.ActiveCfg = Debug|Any CPU
		{CC19A19D-08DF-4EF0-8796-FD255C41768B}.Debug|Any CPU.Build.0 = Debug|Any CPU
		{CC19A19D-08DF-4EF0-8796-FD255C41768B}.Debug|Mixed Platforms.ActiveCfg = Debug|x86
		{CC19A19D-08DF-4EF0-8796-FD255C41768B}.Debug|Mixed Platforms.Build.0 = Debug|x86
		{CC19A19D-08DF-4EF0-8796-FD255C41768B}.Debug|x86.ActiveCfg = Debug|x86
		{CC19A19D-08DF-4EF0-8796-FD255C41768B}.Debug|x86.Build.0 = Debug|x86
		{CC19A19D-08DF-4EF0-8796-FD255C41768B}.DebugLocal|Any CPU.ActiveCfg = Debug|Any CPU
		{CC19A19D-08DF-4EF0-8796-FD255C41768B}.DebugLocal|Any CPU.Build.0 = Debug|Any CPU
		{CC19A19D-08DF-4EF0-8796-FD255C41768B}.DebugLocal|Mixed Platforms.ActiveCfg = Debug|x86
		{CC19A19D-08DF-4EF0-8796-FD255C41768B}.DebugLocal|Mixed Platforms.Build.0 = Debug|x86
		{CC19A19D-08DF-4EF0-8796-FD255C41768B}.DebugLocal|x86.ActiveCfg = Debug|x86
		{CC19A19D-08DF-4EF0-8796-FD255C41768B}.DebugLocal|x86.Build.0 = Debug|x86
		{CC19A19D-08DF-4EF0-8796-FD255C41768B}.Release|Any CPU.ActiveCfg = Release|Any CPU
		{CC19A19D-08DF-4EF0-8796-FD255C41768B}.Release|Any CPU.Build.0 = Release|Any CPU
		{CC19A19D-08DF-4EF0-8796-FD255C41768B}.Release|Mixed Platforms.ActiveCfg = Release|x86
		{CC19A19D-08DF-4EF0-8796-FD255C41768B}.Release|Mixed Platforms.Build.0 = Release|x86
		{CC19A19D-08DF-4EF0-8796-FD255C41768B}.Release|x86.ActiveCfg = Release|x86
		{CC19A19D-08DF-4EF0-8796-FD255C41768B}.Release|x86.Build.0 = Release|x86
		{B11FD77B-C656-4F33-BCCF-AFA5F83D68B1}.Debug|Any CPU.ActiveCfg = Debug|Any CPU
		{B11FD77B-C656-4F33-BCCF-AFA5F83D68B1}.Debug|Any CPU.Build.0 = Debug|Any CPU
		{B11FD77B-C656-4F33-BCCF-AFA5F83D68B1}.Debug|Mixed Platforms.ActiveCfg = Debug|x86
		{B11FD77B-C656-4F33-BCCF-AFA5F83D68B1}.Debug|Mixed Platforms.Build.0 = Debug|x86
		{B11FD77B-C656-4F33-BCCF-AFA5F83D68B1}.Debug|x86.ActiveCfg = Debug|x86
		{B11FD77B-C656-4F33-BCCF-AFA5F83D68B1}.Debug|x86.Build.0 = Debug|x86
		{B11FD77B-C656-4F33-BCCF-AFA5F83D68B1}.DebugLocal|Any CPU.ActiveCfg = Debug|Any CPU
		{B11FD77B-C656-4F33-BCCF-AFA5F83D68B1}.DebugLocal|Any CPU.Build.0 = Debug|Any CPU
		{B11FD77B-C656-4F33-BCCF-AFA5F83D68B1}.DebugLocal|Mixed Platforms.ActiveCfg = Debug|x86
		{B11FD77B-C656-4F33-BCCF-AFA5F83D68B1}.DebugLocal|Mixed Platforms.Build.0 = Debug|x86
		{B11FD77B-C656-4F33-BCCF-AFA5F83D68B1}.DebugLocal|x86.ActiveCfg = Debug|x86
		{B11FD77B-C656-4F33-BCCF-AFA5F83D68B1}.DebugLocal|x86.Build.0 = Debug|x86
		{B11FD77B-C656-4F33-BCCF-AFA5F83D68B1}.Release|Any CPU.ActiveCfg = Release|Any CPU
		{B11FD77B-C656-4F33-BCCF-AFA5F83D68B1}.Release|Any CPU.Build.0 = Release|Any CPU
		{B11FD77B-C656-4F33-BCCF-AFA5F83D68B1}.Release|Mixed Platforms.ActiveCfg = Release|x86
		{B11FD77B-C656-4F33-BCCF-AFA5F83D68B1}.Release|Mixed Platforms.Build.0 = Release|x86
		{B11FD77B-C656-4F33-BCCF-AFA5F83D68B1}.Release|x86.ActiveCfg = Release|x86
		{B11FD77B-C656-4F33-BCCF-AFA5F83D68B1}.Release|x86.Build.0 = Release|x86
		{DF3EBD20-D00C-4FF4-979E-51D65B405F58}.Debug|Any CPU.ActiveCfg = Debug|Any CPU
		{DF3EBD20-D00C-4FF4-979E-51D65B405F58}.Debug|Any CPU.Build.0 = Debug|Any CPU
		{DF3EBD20-D00C-4FF4-979E-51D65B405F58}.Debug|Mixed Platforms.ActiveCfg = Debug|x86
		{DF3EBD20-D00C-4FF4-979E-51D65B405F58}.Debug|Mixed Platforms.Build.0 = Debug|x86
		{DF3EBD20-D00C-4FF4-979E-51D65B405F58}.Debug|x86.ActiveCfg = Debug|Any CPU
		{DF3EBD20-D00C-4FF4-979E-51D65B405F58}.DebugLocal|Any CPU.ActiveCfg = Debug|Any CPU
		{DF3EBD20-D00C-4FF4-979E-51D65B405F58}.DebugLocal|Any CPU.Build.0 = Debug|Any CPU
		{DF3EBD20-D00C-4FF4-979E-51D65B405F58}.DebugLocal|Mixed Platforms.ActiveCfg = Debug|Any CPU
		{DF3EBD20-D00C-4FF4-979E-51D65B405F58}.DebugLocal|Mixed Platforms.Build.0 = Debug|Any CPU
		{DF3EBD20-D00C-4FF4-979E-51D65B405F58}.DebugLocal|x86.ActiveCfg = Debug|Any CPU
		{DF3EBD20-D00C-4FF4-979E-51D65B405F58}.Release|Any CPU.ActiveCfg = Release|Any CPU
		{DF3EBD20-D00C-4FF4-979E-51D65B405F58}.Release|Any CPU.Build.0 = Release|Any CPU
		{DF3EBD20-D00C-4FF4-979E-51D65B405F58}.Release|Mixed Platforms.ActiveCfg = Release|x86
		{DF3EBD20-D00C-4FF4-979E-51D65B405F58}.Release|Mixed Platforms.Build.0 = Release|x86
		{DF3EBD20-D00C-4FF4-979E-51D65B405F58}.Release|x86.ActiveCfg = Release|Any CPU
		{1792CCA3-5D5F-4821-BBAD-C9924E27893E}.Debug|Any CPU.ActiveCfg = Debug|Any CPU
		{1792CCA3-5D5F-4821-BBAD-C9924E27893E}.Debug|Any CPU.Build.0 = Debug|Any CPU
		{1792CCA3-5D5F-4821-BBAD-C9924E27893E}.Debug|Mixed Platforms.ActiveCfg = Debug|x86
		{1792CCA3-5D5F-4821-BBAD-C9924E27893E}.Debug|Mixed Platforms.Build.0 = Debug|x86
		{1792CCA3-5D5F-4821-BBAD-C9924E27893E}.Debug|x86.ActiveCfg = Debug|Any CPU
		{1792CCA3-5D5F-4821-BBAD-C9924E27893E}.DebugLocal|Any CPU.ActiveCfg = Debug|Any CPU
		{1792CCA3-5D5F-4821-BBAD-C9924E27893E}.DebugLocal|Any CPU.Build.0 = Debug|Any CPU
		{1792CCA3-5D5F-4821-BBAD-C9924E27893E}.DebugLocal|Mixed Platforms.ActiveCfg = Debug|Any CPU
		{1792CCA3-5D5F-4821-BBAD-C9924E27893E}.DebugLocal|Mixed Platforms.Build.0 = Debug|Any CPU
		{1792CCA3-5D5F-4821-BBAD-C9924E27893E}.DebugLocal|x86.ActiveCfg = Debug|Any CPU
		{1792CCA3-5D5F-4821-BBAD-C9924E27893E}.Release|Any CPU.ActiveCfg = Release|Any CPU
		{1792CCA3-5D5F-4821-BBAD-C9924E27893E}.Release|Any CPU.Build.0 = Release|Any CPU
		{1792CCA3-5D5F-4821-BBAD-C9924E27893E}.Release|Mixed Platforms.ActiveCfg = Release|x86
		{1792CCA3-5D5F-4821-BBAD-C9924E27893E}.Release|Mixed Platforms.Build.0 = Release|x86
		{1792CCA3-5D5F-4821-BBAD-C9924E27893E}.Release|x86.ActiveCfg = Release|Any CPU
		{0D4774BB-0823-4201-9770-19B15FEBCD0B}.Debug|Any CPU.ActiveCfg = Debug
		{0D4774BB-0823-4201-9770-19B15FEBCD0B}.Debug|Any CPU.Build.0 = Debug
		{0D4774BB-0823-4201-9770-19B15FEBCD0B}.Debug|Any CPU.Deploy.0 = Debug
		{0D4774BB-0823-4201-9770-19B15FEBCD0B}.Debug|Mixed Platforms.ActiveCfg = Debug
		{0D4774BB-0823-4201-9770-19B15FEBCD0B}.Debug|Mixed Platforms.Build.0 = Debug
		{0D4774BB-0823-4201-9770-19B15FEBCD0B}.Debug|Mixed Platforms.Deploy.0 = Debug
		{0D4774BB-0823-4201-9770-19B15FEBCD0B}.Debug|x86.ActiveCfg = Debug
		{0D4774BB-0823-4201-9770-19B15FEBCD0B}.Debug|x86.Build.0 = Debug
		{0D4774BB-0823-4201-9770-19B15FEBCD0B}.Debug|x86.Deploy.0 = Debug
		{0D4774BB-0823-4201-9770-19B15FEBCD0B}.DebugLocal|Any CPU.ActiveCfg = DebugLocal
		{0D4774BB-0823-4201-9770-19B15FEBCD0B}.DebugLocal|Any CPU.Build.0 = DebugLocal
		{0D4774BB-0823-4201-9770-19B15FEBCD0B}.DebugLocal|Mixed Platforms.ActiveCfg = DebugLocal
		{0D4774BB-0823-4201-9770-19B15FEBCD0B}.DebugLocal|Mixed Platforms.Build.0 = DebugLocal
		{0D4774BB-0823-4201-9770-19B15FEBCD0B}.DebugLocal|x86.ActiveCfg = DebugLocal
		{0D4774BB-0823-4201-9770-19B15FEBCD0B}.DebugLocal|x86.Build.0 = DebugLocal
		{0D4774BB-0823-4201-9770-19B15FEBCD0B}.Release|Any CPU.ActiveCfg = Release
		{0D4774BB-0823-4201-9770-19B15FEBCD0B}.Release|Any CPU.Build.0 = Release
		{0D4774BB-0823-4201-9770-19B15FEBCD0B}.Release|Any CPU.Deploy.0 = Release
		{0D4774BB-0823-4201-9770-19B15FEBCD0B}.Release|Mixed Platforms.ActiveCfg = Release
		{0D4774BB-0823-4201-9770-19B15FEBCD0B}.Release|Mixed Platforms.Build.0 = Release
		{0D4774BB-0823-4201-9770-19B15FEBCD0B}.Release|Mixed Platforms.Deploy.0 = Release
		{0D4774BB-0823-4201-9770-19B15FEBCD0B}.Release|x86.ActiveCfg = Release
		{0D4774BB-0823-4201-9770-19B15FEBCD0B}.Release|x86.Build.0 = Release
		{0D4774BB-0823-4201-9770-19B15FEBCD0B}.Release|x86.Deploy.0 = Release
		{C3AF9058-0B06-4681-AACA-AC10D5E5F188}.Debug|Any CPU.ActiveCfg = Debug|Any CPU
		{C3AF9058-0B06-4681-AACA-AC10D5E5F188}.Debug|Any CPU.Build.0 = Debug|Any CPU
		{C3AF9058-0B06-4681-AACA-AC10D5E5F188}.Debug|Mixed Platforms.ActiveCfg = Debug|x86
		{C3AF9058-0B06-4681-AACA-AC10D5E5F188}.Debug|Mixed Platforms.Build.0 = Debug|x86
		{C3AF9058-0B06-4681-AACA-AC10D5E5F188}.Debug|x86.ActiveCfg = Debug|Any CPU
		{C3AF9058-0B06-4681-AACA-AC10D5E5F188}.DebugLocal|Any CPU.ActiveCfg = Debug|Any CPU
		{C3AF9058-0B06-4681-AACA-AC10D5E5F188}.DebugLocal|Any CPU.Build.0 = Debug|Any CPU
		{C3AF9058-0B06-4681-AACA-AC10D5E5F188}.DebugLocal|Mixed Platforms.ActiveCfg = Debug|Any CPU
		{C3AF9058-0B06-4681-AACA-AC10D5E5F188}.DebugLocal|Mixed Platforms.Build.0 = Debug|Any CPU
		{C3AF9058-0B06-4681-AACA-AC10D5E5F188}.DebugLocal|x86.ActiveCfg = Debug|Any CPU
		{C3AF9058-0B06-4681-AACA-AC10D5E5F188}.Release|Any CPU.ActiveCfg = Release|Any CPU
		{C3AF9058-0B06-4681-AACA-AC10D5E5F188}.Release|Any CPU.Build.0 = Release|Any CPU
		{C3AF9058-0B06-4681-AACA-AC10D5E5F188}.Release|Mixed Platforms.ActiveCfg = Release|x86
		{C3AF9058-0B06-4681-AACA-AC10D5E5F188}.Release|Mixed Platforms.Build.0 = Release|x86
		{C3AF9058-0B06-4681-AACA-AC10D5E5F188}.Release|x86.ActiveCfg = Release|Any CPU
		{5EB4D811-B884-4E64-AC10-F8E45A7F38E7}.Debug|Any CPU.ActiveCfg = Debug|Any CPU
		{5EB4D811-B884-4E64-AC10-F8E45A7F38E7}.Debug|Any CPU.Build.0 = Debug|Any CPU
		{5EB4D811-B884-4E64-AC10-F8E45A7F38E7}.Debug|Mixed Platforms.ActiveCfg = Debug|x86
		{5EB4D811-B884-4E64-AC10-F8E45A7F38E7}.Debug|Mixed Platforms.Build.0 = Debug|x86
		{5EB4D811-B884-4E64-AC10-F8E45A7F38E7}.Debug|x86.ActiveCfg = Debug|x86
		{5EB4D811-B884-4E64-AC10-F8E45A7F38E7}.Debug|x86.Build.0 = Debug|x86
		{5EB4D811-B884-4E64-AC10-F8E45A7F38E7}.DebugLocal|Any CPU.ActiveCfg = Debug|Any CPU
		{5EB4D811-B884-4E64-AC10-F8E45A7F38E7}.DebugLocal|Any CPU.Build.0 = Debug|Any CPU
		{5EB4D811-B884-4E64-AC10-F8E45A7F38E7}.DebugLocal|Mixed Platforms.ActiveCfg = Debug|x86
		{5EB4D811-B884-4E64-AC10-F8E45A7F38E7}.DebugLocal|Mixed Platforms.Build.0 = Debug|x86
		{5EB4D811-B884-4E64-AC10-F8E45A7F38E7}.DebugLocal|x86.ActiveCfg = Debug|x86
		{5EB4D811-B884-4E64-AC10-F8E45A7F38E7}.DebugLocal|x86.Build.0 = Debug|x86
		{5EB4D811-B884-4E64-AC10-F8E45A7F38E7}.Release|Any CPU.ActiveCfg = Release|Any CPU
		{5EB4D811-B884-4E64-AC10-F8E45A7F38E7}.Release|Any CPU.Build.0 = Release|Any CPU
		{5EB4D811-B884-4E64-AC10-F8E45A7F38E7}.Release|Mixed Platforms.ActiveCfg = Release|x86
		{5EB4D811-B884-4E64-AC10-F8E45A7F38E7}.Release|Mixed Platforms.Build.0 = Release|x86
		{5EB4D811-B884-4E64-AC10-F8E45A7F38E7}.Release|x86.ActiveCfg = Release|x86
		{5EB4D811-B884-4E64-AC10-F8E45A7F38E7}.Release|x86.Build.0 = Release|x86
		{D22526FF-B66F-404C-A024-BE432B3E978F}.Debug|Any CPU.ActiveCfg = Debug|Any CPU
		{D22526FF-B66F-404C-A024-BE432B3E978F}.Debug|Any CPU.Build.0 = Debug|Any CPU
		{D22526FF-B66F-404C-A024-BE432B3E978F}.Debug|Mixed Platforms.ActiveCfg = Debug|x86
		{D22526FF-B66F-404C-A024-BE432B3E978F}.Debug|Mixed Platforms.Build.0 = Debug|x86
		{D22526FF-B66F-404C-A024-BE432B3E978F}.Debug|x86.ActiveCfg = Debug|Any CPU
		{D22526FF-B66F-404C-A024-BE432B3E978F}.DebugLocal|Any CPU.ActiveCfg = Debug|Any CPU
		{D22526FF-B66F-404C-A024-BE432B3E978F}.DebugLocal|Any CPU.Build.0 = Debug|Any CPU
		{D22526FF-B66F-404C-A024-BE432B3E978F}.DebugLocal|Mixed Platforms.ActiveCfg = Debug|Any CPU
		{D22526FF-B66F-404C-A024-BE432B3E978F}.DebugLocal|Mixed Platforms.Build.0 = Debug|Any CPU
		{D22526FF-B66F-404C-A024-BE432B3E978F}.DebugLocal|x86.ActiveCfg = Debug|Any CPU
		{D22526FF-B66F-404C-A024-BE432B3E978F}.Release|Any CPU.ActiveCfg = Release|Any CPU
		{D22526FF-B66F-404C-A024-BE432B3E978F}.Release|Any CPU.Build.0 = Release|Any CPU
		{D22526FF-B66F-404C-A024-BE432B3E978F}.Release|Mixed Platforms.ActiveCfg = Release|x86
		{D22526FF-B66F-404C-A024-BE432B3E978F}.Release|Mixed Platforms.Build.0 = Release|x86
		{D22526FF-B66F-404C-A024-BE432B3E978F}.Release|x86.ActiveCfg = Release|Any CPU
		{5E2E4C7A-B26F-4237-88FA-AAA40B5582AF}.Debug|Any CPU.ActiveCfg = Debug|Any CPU
		{5E2E4C7A-B26F-4237-88FA-AAA40B5582AF}.Debug|Any CPU.Build.0 = Debug|Any CPU
		{5E2E4C7A-B26F-4237-88FA-AAA40B5582AF}.Debug|Mixed Platforms.ActiveCfg = Debug|x86
		{5E2E4C7A-B26F-4237-88FA-AAA40B5582AF}.Debug|Mixed Platforms.Build.0 = Debug|x86
		{5E2E4C7A-B26F-4237-88FA-AAA40B5582AF}.Debug|x86.ActiveCfg = Debug|Any CPU
		{5E2E4C7A-B26F-4237-88FA-AAA40B5582AF}.DebugLocal|Any CPU.ActiveCfg = Debug|Any CPU
		{5E2E4C7A-B26F-4237-88FA-AAA40B5582AF}.DebugLocal|Any CPU.Build.0 = Debug|Any CPU
		{5E2E4C7A-B26F-4237-88FA-AAA40B5582AF}.DebugLocal|Mixed Platforms.ActiveCfg = Debug|Any CPU
		{5E2E4C7A-B26F-4237-88FA-AAA40B5582AF}.DebugLocal|Mixed Platforms.Build.0 = Debug|Any CPU
		{5E2E4C7A-B26F-4237-88FA-AAA40B5582AF}.DebugLocal|x86.ActiveCfg = Debug|Any CPU
		{5E2E4C7A-B26F-4237-88FA-AAA40B5582AF}.Release|Any CPU.ActiveCfg = Release|Any CPU
		{5E2E4C7A-B26F-4237-88FA-AAA40B5582AF}.Release|Any CPU.Build.0 = Release|Any CPU
		{5E2E4C7A-B26F-4237-88FA-AAA40B5582AF}.Release|Mixed Platforms.ActiveCfg = Release|x86
		{5E2E4C7A-B26F-4237-88FA-AAA40B5582AF}.Release|Mixed Platforms.Build.0 = Release|x86
		{5E2E4C7A-B26F-4237-88FA-AAA40B5582AF}.Release|x86.ActiveCfg = Release|Any CPU
	EndGlobalSection
	GlobalSection(SolutionProperties) = preSolution
		HideSolutionNode = FALSE
	EndGlobalSection
	GlobalSection(NestedProjects) = preSolution
		{F0AA4A0B-CA1D-4BE0-A8AA-A98F55ED9809} = {4AE65780-5595-49EA-A4BA-152CE6664588}
		{28B10B8B-2449-46DA-AA80-52B9FDD79FA9} = {4AE65780-5595-49EA-A4BA-152CE6664588}
		{216445D1-9E50-453C-A837-76216A59B4DB} = {4AE65780-5595-49EA-A4BA-152CE6664588}
		{7BE32EB1-7D3A-4E8A-A545-48AEBD693374} = {4AE65780-5595-49EA-A4BA-152CE6664588}
		{B11FD77B-C656-4F33-BCCF-AFA5F83D68B1} = {4AE65780-5595-49EA-A4BA-152CE6664588}
	EndGlobalSection
EndGlobal
