
Microsoft Visual Studio Solution File, Format Version 12.00
# Visual Studio 2013
VisualStudioVersion = 12.0.30501.0
MinimumVisualStudioVersion = 10.0.40219.1
Project("{2150E333-8FDC-42A3-9474-1A3956D46DE8}") = "Tests", "Tests", "{4AE65780-5595-49EA-A4BA-152CE6664588}"
EndProject
Project("{FAE04EC0-301F-11D3-BF4B-00C04F79EFBC}") = "Dqe.ApplicationServices", "Dqe.ApplicationServices\Dqe.ApplicationServices.csproj", "{63A17372-0063-4370-AEB9-B2B8B69F2EA0}"
EndProject
Project("{FAE04EC0-301F-11D3-BF4B-00C04F79EFBC}") = "Dqe.Domain", "Dqe.Domain\Dqe.Domain.csproj", "{52D23793-A0ED-483A-B329-250F8C28538D}"
EndProject
Project("{FAE04EC0-301F-11D3-BF4B-00C04F79EFBC}") = "Dqe.Infrastructure", "Dqe.Infrastructure\Dqe.Infrastructure.csproj", "{92C5035A-2377-4570-9979-D672BA8D634B}"
EndProject
Project("{FAE04EC0-301F-11D3-BF4B-00C04F79EFBC}") = "Dqe.Domain.Tests", "Dqe.Domain.Tests\Dqe.Domain.Tests.csproj", "{F0AA4A0B-CA1D-4BE0-A8AA-A98F55ED9809}"
EndProject
Project("{FAE04EC0-301F-11D3-BF4B-00C04F79EFBC}") = "Dqe.Infrastructure.Tests", "Dqe.Infrastructure.Tests\Dqe.Infrastructure.Tests.csproj", "{28B10B8B-2449-46DA-AA80-52B9FDD79FA9}"
EndProject
Project("{FAE04EC0-301F-11D3-BF4B-00C04F79EFBC}") = "Dqe.ApplicationServices.Tests", "Dqe.ApplicationServices.Tests\Dqe.ApplicationServices.Tests.csproj", "{216445D1-9E50-453C-A837-76216A59B4DB}"
EndProject
Project("{FAE04EC0-301F-11D3-BF4B-00C04F79EFBC}") = "Dqe.Inverter.Tests", "Dqe.Inverter.Tests\Dqe.Inverter.Tests.csproj", "{7BE32EB1-7D3A-4E8A-A545-48AEBD693374}"
EndProject
Project("{FAE04EC0-301F-11D3-BF4B-00C04F79EFBC}") = "Dqe.Inverter", "Dqe.Inverter\Dqe.Inverter.csproj", "{63ADB8B0-8854-4109-AE26-5B93E062B64A}"
EndProject
Project("{FAE04EC0-301F-11D3-BF4B-00C04F79EFBC}") = "Dqe.Web", "Dqe.Web\Dqe.Web.csproj", "{CC19A19D-08DF-4EF0-8796-FD255C41768B}"
EndProject
Project("{FAE04EC0-301F-11D3-BF4B-00C04F79EFBC}") = "Dqe.Web.Tests", "Dqe.Web.Tests\Dqe.Web.Tests.csproj", "{B11FD77B-C656-4F33-BCCF-AFA5F83D68B1}"
EndProject
Global
	GlobalSection(TeamFoundationVersionControl) = preSolution
		SccNumberOfProjects = 11
		SccEnterpriseProvider = {4CA58AB2-18FA-4F8D-95D4-32DDF27D184C}
		SccTeamFoundationServer = https://alltech.visualstudio.com/defaultcollection
		SccLocalPath0 = .
		SccProjectUniqueName1 = Dqe.ApplicationServices.Tests\\Dqe.ApplicationServices.Tests.csproj
		SccProjectTopLevelParentUniqueName1 = Dqe.sln
		SccProjectName1 = Dqe.ApplicationServices.Tests
		SccLocalPath1 = Dqe.ApplicationServices.Tests
		SccProjectUniqueName2 = Dqe.ApplicationServices\\Dqe.ApplicationServices.csproj
		SccProjectName2 = Dqe.ApplicationServices
		SccLocalPath2 = Dqe.ApplicationServices
		SccProjectUniqueName3 = Dqe.Domain.Tests\\Dqe.Domain.Tests.csproj
		SccProjectTopLevelParentUniqueName3 = Dqe.sln
		SccProjectName3 = Dqe.Domain.Tests
		SccLocalPath3 = Dqe.Domain.Tests
		SccProjectUniqueName4 = Dqe.Domain\\Dqe.Domain.csproj
		SccProjectName4 = Dqe.Domain
		SccLocalPath4 = Dqe.Domain
		SccProjectUniqueName5 = Dqe.Infrastructure.Tests\\Dqe.Infrastructure.Tests.csproj
		SccProjectTopLevelParentUniqueName5 = Dqe.sln
		SccProjectName5 = Dqe.Infrastructure.Tests
		SccLocalPath5 = Dqe.Infrastructure.Tests
		SccProjectUniqueName6 = Dqe.Infrastructure\\Dqe.Infrastructure.csproj
		SccProjectName6 = Dqe.Infrastructure
		SccLocalPath6 = Dqe.Infrastructure
		SccProjectUniqueName7 = Dqe.Inverter.Tests\\Dqe.Inverter.Tests.csproj
		SccProjectTopLevelParentUniqueName7 = Dqe.sln
		SccProjectName7 = Dqe.Inverter.Tests
		SccLocalPath7 = Dqe.Inverter.Tests
		SccProjectUniqueName8 = Dqe.Inverter\\Dqe.Inverter.csproj
		SccProjectName8 = Dqe.Inverter
		SccLocalPath8 = Dqe.Inverter
		SccProjectUniqueName9 = Dqe.Web\\Dqe.Web.csproj
		SccProjectName9 = Dqe.Web
		SccLocalPath9 = Dqe.Web
		SccProjectUniqueName10 = Dqe.Web.Tests\\Dqe.Web.Tests.csproj
		SccProjectTopLevelParentUniqueName10 = Dqe.sln
		SccProjectName10 = Dqe.Web.Tests
		SccLocalPath10 = Dqe.Web.Tests
	EndGlobalSection
	GlobalSection(SolutionConfigurationPlatforms) = preSolution
		Debug|Any CPU = Debug|Any CPU
		Debug|x86 = Debug|x86
		Release|Any CPU = Release|Any CPU
		Release|x86 = Release|x86
	EndGlobalSection
	GlobalSection(ProjectConfigurationPlatforms) = postSolution
		{63A17372-0063-4370-AEB9-B2B8B69F2EA0}.Debug|Any CPU.ActiveCfg = Debug|Any CPU
		{63A17372-0063-4370-AEB9-B2B8B69F2EA0}.Debug|Any CPU.Build.0 = Debug|Any CPU
		{63A17372-0063-4370-AEB9-B2B8B69F2EA0}.Debug|x86.ActiveCfg = Debug|x86
		{63A17372-0063-4370-AEB9-B2B8B69F2EA0}.Debug|x86.Build.0 = Debug|x86
		{63A17372-0063-4370-AEB9-B2B8B69F2EA0}.Release|Any CPU.ActiveCfg = Release|Any CPU
		{63A17372-0063-4370-AEB9-B2B8B69F2EA0}.Release|Any CPU.Build.0 = Release|Any CPU
		{63A17372-0063-4370-AEB9-B2B8B69F2EA0}.Release|x86.ActiveCfg = Release|x86
		{63A17372-0063-4370-AEB9-B2B8B69F2EA0}.Release|x86.Build.0 = Release|x86
		{52D23793-A0ED-483A-B329-250F8C28538D}.Debug|Any CPU.ActiveCfg = Debug|Any CPU
		{52D23793-A0ED-483A-B329-250F8C28538D}.Debug|Any CPU.Build.0 = Debug|Any CPU
		{52D23793-A0ED-483A-B329-250F8C28538D}.Debug|x86.ActiveCfg = Debug|x86
		{52D23793-A0ED-483A-B329-250F8C28538D}.Debug|x86.Build.0 = Debug|x86
		{52D23793-A0ED-483A-B329-250F8C28538D}.Release|Any CPU.ActiveCfg = Release|Any CPU
		{52D23793-A0ED-483A-B329-250F8C28538D}.Release|Any CPU.Build.0 = Release|Any CPU
		{52D23793-A0ED-483A-B329-250F8C28538D}.Release|x86.ActiveCfg = Release|x86
		{52D23793-A0ED-483A-B329-250F8C28538D}.Release|x86.Build.0 = Release|x86
		{92C5035A-2377-4570-9979-D672BA8D634B}.Debug|Any CPU.ActiveCfg = Debug|Any CPU
		{92C5035A-2377-4570-9979-D672BA8D634B}.Debug|Any CPU.Build.0 = Debug|Any CPU
		{92C5035A-2377-4570-9979-D672BA8D634B}.Debug|x86.ActiveCfg = Debug|x86
		{92C5035A-2377-4570-9979-D672BA8D634B}.Debug|x86.Build.0 = Debug|x86
		{92C5035A-2377-4570-9979-D672BA8D634B}.Release|Any CPU.ActiveCfg = Release|Any CPU
		{92C5035A-2377-4570-9979-D672BA8D634B}.Release|Any CPU.Build.0 = Release|Any CPU
		{92C5035A-2377-4570-9979-D672BA8D634B}.Release|x86.ActiveCfg = Release|x86
		{92C5035A-2377-4570-9979-D672BA8D634B}.Release|x86.Build.0 = Release|x86
		{F0AA4A0B-CA1D-4BE0-A8AA-A98F55ED9809}.Debug|Any CPU.ActiveCfg = Debug|Any CPU
		{F0AA4A0B-CA1D-4BE0-A8AA-A98F55ED9809}.Debug|Any CPU.Build.0 = Debug|Any CPU
		{F0AA4A0B-CA1D-4BE0-A8AA-A98F55ED9809}.Debug|x86.ActiveCfg = Debug|x86
		{F0AA4A0B-CA1D-4BE0-A8AA-A98F55ED9809}.Debug|x86.Build.0 = Debug|x86
		{F0AA4A0B-CA1D-4BE0-A8AA-A98F55ED9809}.Release|Any CPU.ActiveCfg = Release|Any CPU
		{F0AA4A0B-CA1D-4BE0-A8AA-A98F55ED9809}.Release|Any CPU.Build.0 = Release|Any CPU
		{F0AA4A0B-CA1D-4BE0-A8AA-A98F55ED9809}.Release|x86.ActiveCfg = Release|x86
		{F0AA4A0B-CA1D-4BE0-A8AA-A98F55ED9809}.Release|x86.Build.0 = Release|x86
		{28B10B8B-2449-46DA-AA80-52B9FDD79FA9}.Debug|Any CPU.ActiveCfg = Debug|Any CPU
		{28B10B8B-2449-46DA-AA80-52B9FDD79FA9}.Debug|Any CPU.Build.0 = Debug|Any CPU
		{28B10B8B-2449-46DA-AA80-52B9FDD79FA9}.Debug|x86.ActiveCfg = Debug|x86
		{28B10B8B-2449-46DA-AA80-52B9FDD79FA9}.Debug|x86.Build.0 = Debug|x86
		{28B10B8B-2449-46DA-AA80-52B9FDD79FA9}.Release|Any CPU.ActiveCfg = Release|Any CPU
		{28B10B8B-2449-46DA-AA80-52B9FDD79FA9}.Release|Any CPU.Build.0 = Release|Any CPU
		{28B10B8B-2449-46DA-AA80-52B9FDD79FA9}.Release|x86.ActiveCfg = Release|x86
		{28B10B8B-2449-46DA-AA80-52B9FDD79FA9}.Release|x86.Build.0 = Release|x86
		{216445D1-9E50-453C-A837-76216A59B4DB}.Debug|Any CPU.ActiveCfg = Debug|Any CPU
		{216445D1-9E50-453C-A837-76216A59B4DB}.Debug|Any CPU.Build.0 = Debug|Any CPU
		{216445D1-9E50-453C-A837-76216A59B4DB}.Debug|x86.ActiveCfg = Debug|x86
		{216445D1-9E50-453C-A837-76216A59B4DB}.Debug|x86.Build.0 = Debug|x86
		{216445D1-9E50-453C-A837-76216A59B4DB}.Release|Any CPU.ActiveCfg = Release|Any CPU
		{216445D1-9E50-453C-A837-76216A59B4DB}.Release|Any CPU.Build.0 = Release|Any CPU
		{216445D1-9E50-453C-A837-76216A59B4DB}.Release|x86.ActiveCfg = Release|x86
		{216445D1-9E50-453C-A837-76216A59B4DB}.Release|x86.Build.0 = Release|x86
		{7BE32EB1-7D3A-4E8A-A545-48AEBD693374}.Debug|Any CPU.ActiveCfg = Debug|Any CPU
		{7BE32EB1-7D3A-4E8A-A545-48AEBD693374}.Debug|Any CPU.Build.0 = Debug|Any CPU
		{7BE32EB1-7D3A-4E8A-A545-48AEBD693374}.Debug|x86.ActiveCfg = Debug|x86
		{7BE32EB1-7D3A-4E8A-A545-48AEBD693374}.Debug|x86.Build.0 = Debug|x86
		{7BE32EB1-7D3A-4E8A-A545-48AEBD693374}.Release|Any CPU.ActiveCfg = Release|Any CPU
		{7BE32EB1-7D3A-4E8A-A545-48AEBD693374}.Release|Any CPU.Build.0 = Release|Any CPU
		{7BE32EB1-7D3A-4E8A-A545-48AEBD693374}.Release|x86.ActiveCfg = Release|x86
		{7BE32EB1-7D3A-4E8A-A545-48AEBD693374}.Release|x86.Build.0 = Release|x86
		{63ADB8B0-8854-4109-AE26-5B93E062B64A}.Debug|Any CPU.ActiveCfg = Debug|Any CPU
		{63ADB8B0-8854-4109-AE26-5B93E062B64A}.Debug|Any CPU.Build.0 = Debug|Any CPU
		{63ADB8B0-8854-4109-AE26-5B93E062B64A}.Debug|x86.ActiveCfg = Debug|x86
		{63ADB8B0-8854-4109-AE26-5B93E062B64A}.Debug|x86.Build.0 = Debug|x86
		{63ADB8B0-8854-4109-AE26-5B93E062B64A}.Release|Any CPU.ActiveCfg = Release|Any CPU
		{63ADB8B0-8854-4109-AE26-5B93E062B64A}.Release|Any CPU.Build.0 = Release|Any CPU
		{63ADB8B0-8854-4109-AE26-5B93E062B64A}.Release|x86.ActiveCfg = Release|x86
		{63ADB8B0-8854-4109-AE26-5B93E062B64A}.Release|x86.Build.0 = Release|x86
		{CC19A19D-08DF-4EF0-8796-FD255C41768B}.Debug|Any CPU.ActiveCfg = Debug|Any CPU
		{CC19A19D-08DF-4EF0-8796-FD255C41768B}.Debug|Any CPU.Build.0 = Debug|Any CPU
		{CC19A19D-08DF-4EF0-8796-FD255C41768B}.Debug|x86.ActiveCfg = Debug|x86
		{CC19A19D-08DF-4EF0-8796-FD255C41768B}.Debug|x86.Build.0 = Debug|x86
		{CC19A19D-08DF-4EF0-8796-FD255C41768B}.Release|Any CPU.ActiveCfg = Release|Any CPU
		{CC19A19D-08DF-4EF0-8796-FD255C41768B}.Release|Any CPU.Build.0 = Release|Any CPU
		{CC19A19D-08DF-4EF0-8796-FD255C41768B}.Release|x86.ActiveCfg = Release|x86
		{CC19A19D-08DF-4EF0-8796-FD255C41768B}.Release|x86.Build.0 = Release|x86
		{B11FD77B-C656-4F33-BCCF-AFA5F83D68B1}.Debug|Any CPU.ActiveCfg = Debug|Any CPU
		{B11FD77B-C656-4F33-BCCF-AFA5F83D68B1}.Debug|Any CPU.Build.0 = Debug|Any CPU
		{B11FD77B-C656-4F33-BCCF-AFA5F83D68B1}.Debug|x86.ActiveCfg = Debug|x86
		{B11FD77B-C656-4F33-BCCF-AFA5F83D68B1}.Debug|x86.Build.0 = Debug|x86
		{B11FD77B-C656-4F33-BCCF-AFA5F83D68B1}.Release|Any CPU.ActiveCfg = Release|Any CPU
		{B11FD77B-C656-4F33-BCCF-AFA5F83D68B1}.Release|Any CPU.Build.0 = Release|Any CPU
		{B11FD77B-C656-4F33-BCCF-AFA5F83D68B1}.Release|x86.ActiveCfg = Release|x86
		{B11FD77B-C656-4F33-BCCF-AFA5F83D68B1}.Release|x86.Build.0 = Release|x86
	EndGlobalSection
	GlobalSection(SolutionProperties) = preSolution
		HideSolutionNode = FALSE
	EndGlobalSection
	GlobalSection(NestedProjects) = preSolution
		{F0AA4A0B-CA1D-4BE0-A8AA-A98F55ED9809} = {4AE65780-5595-49EA-A4BA-152CE6664588}
		{28B10B8B-2449-46DA-AA80-52B9FDD79FA9} = {4AE65780-5595-49EA-A4BA-152CE6664588}
		{216445D1-9E50-453C-A837-76216A59B4DB} = {4AE65780-5595-49EA-A4BA-152CE6664588}
		{7BE32EB1-7D3A-4E8A-A545-48AEBD693374} = {4AE65780-5595-49EA-A4BA-152CE6664588}
		{B11FD77B-C656-4F33-BCCF-AFA5F83D68B1} = {4AE65780-5595-49EA-A4BA-152CE6664588}
	EndGlobalSection
EndGlobal
